// !$*UTF8*$!
{
	archiveVersion = 1;
	classes = {
	};
	objectVersion = 54;
	objects = {

/* Begin PBXBuildFile section */
		8837AEDE2BC617A100BBA5AB /* VerificationViewController.swift in Sources */ = {isa = PBXBuildFile; fileRef = 8837AEDD2BC617A100BBA5AB /* VerificationViewController.swift */; };
		8837AEE02BC61A6000BBA5AB /* verification.png in Resources */ = {isa = PBXBuildFile; fileRef = 8837AEDF2BC61A6000BBA5AB /* verification.png */; };
		B99D008B2B9B6AF5000AB315 /* AppDelegate.swift in Sources */ = {isa = PBXBuildFile; fileRef = B99D008A2B9B6AF5000AB315 /* AppDelegate.swift */; };
		B99D008D2B9B6AF5000AB315 /* SceneDelegate.swift in Sources */ = {isa = PBXBuildFile; fileRef = B99D008C2B9B6AF5000AB315 /* SceneDelegate.swift */; };
		B99D008F2B9B6AF5000AB315 /* ViewController.swift in Sources */ = {isa = PBXBuildFile; fileRef = B99D008E2B9B6AF5000AB315 /* ViewController.swift */; };
		B99D00922B9B6AF5000AB315 /* Main.storyboard in Resources */ = {isa = PBXBuildFile; fileRef = B99D00902B9B6AF5000AB315 /* Main.storyboard */; };
		B99D00942B9B6AF6000AB315 /* Assets.xcassets in Resources */ = {isa = PBXBuildFile; fileRef = B99D00932B9B6AF6000AB315 /* Assets.xcassets */; };
		B99D00972B9B6AF6000AB315 /* LaunchScreen.storyboard in Resources */ = {isa = PBXBuildFile; fileRef = B99D00952B9B6AF6000AB315 /* LaunchScreen.storyboard */; };
		B99D00A02B9B88DC000AB315 /* RegisterViewController.swift in Sources */ = {isa = PBXBuildFile; fileRef = B99D009F2B9B88DC000AB315 /* RegisterViewController.swift */; };
		B99D00CC2B9E40FA000AB315 /* _c3db3f28-bd52-4169-bff1-5147dd3786ff.jpeg in Resources */ = {isa = PBXBuildFile; fileRef = B99D00CB2B9E40FA000AB315 /* _c3db3f28-bd52-4169-bff1-5147dd3786ff.jpeg */; };
		B99D00CE2B9E4158000AB315 /* LoginViewController.swift in Sources */ = {isa = PBXBuildFile; fileRef = B99D00CD2B9E4158000AB315 /* LoginViewController.swift */; };
		B99D00D12B9E7BCD000AB315 /* kPM4urAvYXtXd4rJy4NBslmNuo0.jpg in Resources */ = {isa = PBXBuildFile; fileRef = B99D00CF2B9E7BCD000AB315 /* kPM4urAvYXtXd4rJy4NBslmNuo0.jpg */; };
		B99D00D22B9E7BCD000AB315 /* OIP.jpeg in Resources */ = {isa = PBXBuildFile; fileRef = B99D00D02B9E7BCD000AB315 /* OIP.jpeg */; };
		B99D00D42B9E7FFE000AB315 /* PlantsViewController.swift in Sources */ = {isa = PBXBuildFile; fileRef = B99D00D32B9E7FFE000AB315 /* PlantsViewController.swift */; };
		B99D00D72B9E8684000AB315 /* OIG2.jpeg in Resources */ = {isa = PBXBuildFile; fileRef = B99D00D52B9E8684000AB315 /* OIG2.jpeg */; };
		B99D00D82B9E8684000AB315 /* OIG4.jpeg in Resources */ = {isa = PBXBuildFile; fileRef = B99D00D62B9E8684000AB315 /* OIG4.jpeg */; };
		B99D00DA2B9E8BE9000AB315 /* PlantViewController.swift in Sources */ = {isa = PBXBuildFile; fileRef = B99D00D92B9E8BE9000AB315 /* PlantViewController.swift */; };
/* End PBXBuildFile section */

/* Begin PBXFileReference section */
		8837AEDD2BC617A100BBA5AB /* VerificationViewController.swift */ = {isa = PBXFileReference; lastKnownFileType = sourcecode.swift; path = VerificationViewController.swift; sourceTree = "<group>"; };
		8837AEDF2BC61A6000BBA5AB /* verification.png */ = {isa = PBXFileReference; lastKnownFileType = image.png; name = verification.png; path = Images/verification.png; sourceTree = SOURCE_ROOT; };
		B99D00872B9B6AF5000AB315 /* integradora1.0.app */ = {isa = PBXFileReference; explicitFileType = wrapper.application; includeInIndex = 0; path = integradora1.0.app; sourceTree = BUILT_PRODUCTS_DIR; };
		B99D008A2B9B6AF5000AB315 /* AppDelegate.swift */ = {isa = PBXFileReference; lastKnownFileType = sourcecode.swift; path = AppDelegate.swift; sourceTree = "<group>"; };
		B99D008C2B9B6AF5000AB315 /* SceneDelegate.swift */ = {isa = PBXFileReference; lastKnownFileType = sourcecode.swift; path = SceneDelegate.swift; sourceTree = "<group>"; };
		B99D008E2B9B6AF5000AB315 /* ViewController.swift */ = {isa = PBXFileReference; lastKnownFileType = sourcecode.swift; path = ViewController.swift; sourceTree = "<group>"; };
		B99D00912B9B6AF5000AB315 /* Base */ = {isa = PBXFileReference; lastKnownFileType = file.storyboard; name = Base; path = Base.lproj/Main.storyboard; sourceTree = "<group>"; };
		B99D00932B9B6AF6000AB315 /* Assets.xcassets */ = {isa = PBXFileReference; lastKnownFileType = folder.assetcatalog; path = Assets.xcassets; sourceTree = "<group>"; };
		B99D00962B9B6AF6000AB315 /* Base */ = {isa = PBXFileReference; lastKnownFileType = file.storyboard; name = Base; path = Base.lproj/LaunchScreen.storyboard; sourceTree = "<group>"; };
		B99D00982B9B6AF6000AB315 /* Info.plist */ = {isa = PBXFileReference; lastKnownFileType = text.plist.xml; path = Info.plist; sourceTree = "<group>"; };
		B99D009F2B9B88DC000AB315 /* RegisterViewController.swift */ = {isa = PBXFileReference; lastKnownFileType = sourcecode.swift; path = RegisterViewController.swift; sourceTree = "<group>"; };
		B99D00CB2B9E40FA000AB315 /* _c3db3f28-bd52-4169-bff1-5147dd3786ff.jpeg */ = {isa = PBXFileReference; lastKnownFileType = image.jpeg; name = "_c3db3f28-bd52-4169-bff1-5147dd3786ff.jpeg"; path = "Resources/Images/_c3db3f28-bd52-4169-bff1-5147dd3786ff.jpeg"; sourceTree = SOURCE_ROOT; };
		B99D00CD2B9E4158000AB315 /* LoginViewController.swift */ = {isa = PBXFileReference; lastKnownFileType = sourcecode.swift; path = LoginViewController.swift; sourceTree = "<group>"; };
		B99D00CF2B9E7BCD000AB315 /* kPM4urAvYXtXd4rJy4NBslmNuo0.jpg */ = {isa = PBXFileReference; lastKnownFileType = image.jpeg; name = kPM4urAvYXtXd4rJy4NBslmNuo0.jpg; path = Resources/Images/kPM4urAvYXtXd4rJy4NBslmNuo0.jpg; sourceTree = SOURCE_ROOT; };
		B99D00D02B9E7BCD000AB315 /* OIP.jpeg */ = {isa = PBXFileReference; lastKnownFileType = image.jpeg; name = OIP.jpeg; path = Resources/Images/OIP.jpeg; sourceTree = SOURCE_ROOT; };
		B99D00D32B9E7FFE000AB315 /* PlantsViewController.swift */ = {isa = PBXFileReference; lastKnownFileType = sourcecode.swift; path = PlantsViewController.swift; sourceTree = "<group>"; };
		B99D00D52B9E8684000AB315 /* OIG2.jpeg */ = {isa = PBXFileReference; lastKnownFileType = image.jpeg; name = OIG2.jpeg; path = Resources/Images/OIG2.jpeg; sourceTree = SOURCE_ROOT; };
		B99D00D62B9E8684000AB315 /* OIG4.jpeg */ = {isa = PBXFileReference; lastKnownFileType = image.jpeg; name = OIG4.jpeg; path = Resources/Images/OIG4.jpeg; sourceTree = SOURCE_ROOT; };
		B99D00D92B9E8BE9000AB315 /* PlantViewController.swift */ = {isa = PBXFileReference; lastKnownFileType = sourcecode.swift; path = PlantViewController.swift; sourceTree = "<group>"; };
/* End PBXFileReference section */

/* Begin PBXFrameworksBuildPhase section */
		B99D00842B9B6AF5000AB315 /* Frameworks */ = {
			isa = PBXFrameworksBuildPhase;
			buildActionMask = 2147483647;
			files = (
			);
			runOnlyForDeploymentPostprocessing = 0;
		};
/* End PBXFrameworksBuildPhase section */

/* Begin PBXGroup section */
		B99D007E2B9B6AF5000AB315 = {
			isa = PBXGroup;
			children = (
				B99D00892B9B6AF5000AB315 /* integradora1.0 */,
				B99D00882B9B6AF5000AB315 /* Products */,
			);
			sourceTree = "<group>";
		};
		B99D00882B9B6AF5000AB315 /* Products */ = {
			isa = PBXGroup;
			children = (
				B99D00872B9B6AF5000AB315 /* integradora1.0.app */,
			);
			name = Products;
			sourceTree = "<group>";
		};
		B99D00892B9B6AF5000AB315 /* integradora1.0 */ = {
			isa = PBXGroup;
			children = (
				B99D00C92B9E4031000AB315 /* Resources */,
				B99D009E2B9B8896000AB315 /* Controllers */,
				B99D008A2B9B6AF5000AB315 /* AppDelegate.swift */,
				B99D008C2B9B6AF5000AB315 /* SceneDelegate.swift */,
				B99D008E2B9B6AF5000AB315 /* ViewController.swift */,
				B99D00902B9B6AF5000AB315 /* Main.storyboard */,
				B99D00932B9B6AF6000AB315 /* Assets.xcassets */,
				B99D00952B9B6AF6000AB315 /* LaunchScreen.storyboard */,
				B99D00982B9B6AF6000AB315 /* Info.plist */,
			);
			path = integradora1.0;
			sourceTree = "<group>";
		};
		B99D009E2B9B8896000AB315 /* Controllers */ = {
			isa = PBXGroup;
			children = (
				B99D00D32B9E7FFE000AB315 /* PlantsViewController.swift */,
				B99D00CD2B9E4158000AB315 /* LoginViewController.swift */,
				B99D009F2B9B88DC000AB315 /* RegisterViewController.swift */,
				B99D00D92B9E8BE9000AB315 /* PlantViewController.swift */,
				8837AEDD2BC617A100BBA5AB /* VerificationViewController.swift */,
			);
			path = Controllers;
			sourceTree = "<group>";
		};
		B99D00C92B9E4031000AB315 /* Resources */ = {
			isa = PBXGroup;
			children = (
				B99D00CA2B9E403B000AB315 /* Images */,
			);
			path = Resources;
			sourceTree = "<group>";
		};
		B99D00CA2B9E403B000AB315 /* Images */ = {
			isa = PBXGroup;
			children = (
				B99D00D52B9E8684000AB315 /* OIG2.jpeg */,
				8837AEDF2BC61A6000BBA5AB /* verification.png */,
				B99D00D62B9E8684000AB315 /* OIG4.jpeg */,
				B99D00CF2B9E7BCD000AB315 /* kPM4urAvYXtXd4rJy4NBslmNuo0.jpg */,
				B99D00D02B9E7BCD000AB315 /* OIP.jpeg */,
				B99D00CB2B9E40FA000AB315 /* _c3db3f28-bd52-4169-bff1-5147dd3786ff.jpeg */,
			);
			path = Images;
			sourceTree = "<group>";
		};
/* End PBXGroup section */

/* Begin PBXNativeTarget section */
		B99D00862B9B6AF5000AB315 /* integradora1.0 */ = {
			isa = PBXNativeTarget;
			buildConfigurationList = B99D009B2B9B6AF6000AB315 /* Build configuration list for PBXNativeTarget "integradora1.0" */;
			buildPhases = (
				B99D00832B9B6AF5000AB315 /* Sources */,
				B99D00842B9B6AF5000AB315 /* Frameworks */,
				B99D00852B9B6AF5000AB315 /* Resources */,
			);
			buildRules = (
			);
			dependencies = (
			);
			name = integradora1.0;
			packageProductDependencies = (
			);
			productName = integradora1.0;
			productReference = B99D00872B9B6AF5000AB315 /* integradora1.0.app */;
			productType = "com.apple.product-type.application";
		};
/* End PBXNativeTarget section */

/* Begin PBXProject section */
		B99D007F2B9B6AF5000AB315 /* Project object */ = {
			isa = PBXProject;
			attributes = {
				BuildIndependentTargetsInParallel = 1;
				LastSwiftUpdateCheck = 1510;
				LastUpgradeCheck = 1510;
				TargetAttributes = {
					B99D00862B9B6AF5000AB315 = {
						CreatedOnToolsVersion = 15.1;
					};
				};
			};
			buildConfigurationList = B99D00822B9B6AF5000AB315 /* Build configuration list for PBXProject "integradora1.0" */;
			compatibilityVersion = "Xcode 12.0";
			developmentRegion = en;
			hasScannedForEncodings = 0;
			knownRegions = (
				en,
				Base,
			);
			mainGroup = B99D007E2B9B6AF5000AB315;
			packageReferences = (
			);
			productRefGroup = B99D00882B9B6AF5000AB315 /* Products */;
			projectDirPath = "";
			projectRoot = "";
			targets = (
				B99D00862B9B6AF5000AB315 /* integradora1.0 */,
			);
		};
/* End PBXProject section */

/* Begin PBXResourcesBuildPhase section */
		B99D00852B9B6AF5000AB315 /* Resources */ = {
			isa = PBXResourcesBuildPhase;
			buildActionMask = 2147483647;
			files = (
				B99D00D82B9E8684000AB315 /* OIG4.jpeg in Resources */,
				B99D00D22B9E7BCD000AB315 /* OIP.jpeg in Resources */,
				B99D00972B9B6AF6000AB315 /* LaunchScreen.storyboard in Resources */,
				B99D00D72B9E8684000AB315 /* OIG2.jpeg in Resources */,
				B99D00CC2B9E40FA000AB315 /* _c3db3f28-bd52-4169-bff1-5147dd3786ff.jpeg in Resources */,
				B99D00942B9B6AF6000AB315 /* Assets.xcassets in Resources */,
				B99D00922B9B6AF5000AB315 /* Main.storyboard in Resources */,
				B99D00D12B9E7BCD000AB315 /* kPM4urAvYXtXd4rJy4NBslmNuo0.jpg in Resources */,
				8837AEE02BC61A6000BBA5AB /* verification.png in Resources */,
			);
			runOnlyForDeploymentPostprocessing = 0;
		};
/* End PBXResourcesBuildPhase section */

/* Begin PBXSourcesBuildPhase section */
		B99D00832B9B6AF5000AB315 /* Sources */ = {
			isa = PBXSourcesBuildPhase;
			buildActionMask = 2147483647;
			files = (
				B99D008F2B9B6AF5000AB315 /* ViewController.swift in Sources */,
				B99D008B2B9B6AF5000AB315 /* AppDelegate.swift in Sources */,
				8837AEDE2BC617A100BBA5AB /* VerificationViewController.swift in Sources */,
				B99D008D2B9B6AF5000AB315 /* SceneDelegate.swift in Sources */,
				B99D00DA2B9E8BE9000AB315 /* PlantViewController.swift in Sources */,
				B99D00CE2B9E4158000AB315 /* LoginViewController.swift in Sources */,
				B99D00D42B9E7FFE000AB315 /* PlantsViewController.swift in Sources */,
				B99D00A02B9B88DC000AB315 /* RegisterViewController.swift in Sources */,
			);
			runOnlyForDeploymentPostprocessing = 0;
		};
/* End PBXSourcesBuildPhase section */

/* Begin PBXVariantGroup section */
		B99D00902B9B6AF5000AB315 /* Main.storyboard */ = {
			isa = PBXVariantGroup;
			children = (
				B99D00912B9B6AF5000AB315 /* Base */,
			);
			name = Main.storyboard;
			sourceTree = "<group>";
		};
		B99D00952B9B6AF6000AB315 /* LaunchScreen.storyboard */ = {
			isa = PBXVariantGroup;
			children = (
				B99D00962B9B6AF6000AB315 /* Base */,
			);
			name = LaunchScreen.storyboard;
			sourceTree = "<group>";
		};
/* End PBXVariantGroup section */

/* Begin XCBuildConfiguration section */
		B99D00992B9B6AF6000AB315 /* Debug */ = {
			isa = XCBuildConfiguration;
			buildSettings = {
				ALWAYS_SEARCH_USER_PATHS = NO;
				ASSETCATALOG_COMPILER_GENERATE_SWIFT_ASSET_SYMBOL_EXTENSIONS = YES;
				CLANG_ANALYZER_NONNULL = YES;
				CLANG_ANALYZER_NUMBER_OBJECT_CONVERSION = YES_AGGRESSIVE;
				CLANG_CXX_LANGUAGE_STANDARD = "gnu++20";
				CLANG_ENABLE_MODULES = YES;
				CLANG_ENABLE_OBJC_ARC = YES;
				CLANG_ENABLE_OBJC_WEAK = YES;
				CLANG_WARN_BLOCK_CAPTURE_AUTORELEASING = YES;
				CLANG_WARN_BOOL_CONVERSION = YES;
				CLANG_WARN_COMMA = YES;
				CLANG_WARN_CONSTANT_CONVERSION = YES;
				CLANG_WARN_DEPRECATED_OBJC_IMPLEMENTATIONS = YES;
				CLANG_WARN_DIRECT_OBJC_ISA_USAGE = YES_ERROR;
				CLANG_WARN_DOCUMENTATION_COMMENTS = YES;
				CLANG_WARN_EMPTY_BODY = YES;
				CLANG_WARN_ENUM_CONVERSION = YES;
				CLANG_WARN_INFINITE_RECURSION = YES;
				CLANG_WARN_INT_CONVERSION = YES;
				CLANG_WARN_NON_LITERAL_NULL_CONVERSION = YES;
				CLANG_WARN_OBJC_IMPLICIT_RETAIN_SELF = YES;
				CLANG_WARN_OBJC_LITERAL_CONVERSION = YES;
				CLANG_WARN_OBJC_ROOT_CLASS = YES_ERROR;
				CLANG_WARN_QUOTED_INCLUDE_IN_FRAMEWORK_HEADER = YES;
				CLANG_WARN_RANGE_LOOP_ANALYSIS = YES;
				CLANG_WARN_STRICT_PROTOTYPES = YES;
				CLANG_WARN_SUSPICIOUS_MOVE = YES;
				CLANG_WARN_UNGUARDED_AVAILABILITY = YES_AGGRESSIVE;
				CLANG_WARN_UNREACHABLE_CODE = YES;
				CLANG_WARN__DUPLICATE_METHOD_MATCH = YES;
				COPY_PHASE_STRIP = NO;
				DEBUG_INFORMATION_FORMAT = dwarf;
				ENABLE_STRICT_OBJC_MSGSEND = YES;
				ENABLE_TESTABILITY = YES;
				ENABLE_USER_SCRIPT_SANDBOXING = YES;
				GCC_C_LANGUAGE_STANDARD = gnu17;
				GCC_DYNAMIC_NO_PIC = NO;
				GCC_NO_COMMON_BLOCKS = YES;
				GCC_OPTIMIZATION_LEVEL = 0;
				GCC_PREPROCESSOR_DEFINITIONS = (
					"DEBUG=1",
					"$(inherited)",
				);
				GCC_WARN_64_TO_32_BIT_CONVERSION = YES;
				GCC_WARN_ABOUT_RETURN_TYPE = YES_ERROR;
				GCC_WARN_UNDECLARED_SELECTOR = YES;
				GCC_WARN_UNINITIALIZED_AUTOS = YES_AGGRESSIVE;
				GCC_WARN_UNUSED_FUNCTION = YES;
				GCC_WARN_UNUSED_VARIABLE = YES;
				IPHONEOS_DEPLOYMENT_TARGET = 17.2;
				LOCALIZATION_PREFERS_STRING_CATALOGS = YES;
				MTL_ENABLE_DEBUG_INFO = INCLUDE_SOURCE;
				MTL_FAST_MATH = YES;
				ONLY_ACTIVE_ARCH = YES;
				SDKROOT = iphoneos;
				SWIFT_ACTIVE_COMPILATION_CONDITIONS = "DEBUG $(inherited)";
				SWIFT_OPTIMIZATION_LEVEL = "-Onone";
			};
			name = Debug;
		};
		B99D009A2B9B6AF6000AB315 /* Release */ = {
			isa = XCBuildConfiguration;
			buildSettings = {
				ALWAYS_SEARCH_USER_PATHS = NO;
				ASSETCATALOG_COMPILER_GENERATE_SWIFT_ASSET_SYMBOL_EXTENSIONS = YES;
				CLANG_ANALYZER_NONNULL = YES;
				CLANG_ANALYZER_NUMBER_OBJECT_CONVERSION = YES_AGGRESSIVE;
				CLANG_CXX_LANGUAGE_STANDARD = "gnu++20";
				CLANG_ENABLE_MODULES = YES;
				CLANG_ENABLE_OBJC_ARC = YES;
				CLANG_ENABLE_OBJC_WEAK = YES;
				CLANG_WARN_BLOCK_CAPTURE_AUTORELEASING = YES;
				CLANG_WARN_BOOL_CONVERSION = YES;
				CLANG_WARN_COMMA = YES;
				CLANG_WARN_CONSTANT_CONVERSION = YES;
				CLANG_WARN_DEPRECATED_OBJC_IMPLEMENTATIONS = YES;
				CLANG_WARN_DIRECT_OBJC_ISA_USAGE = YES_ERROR;
				CLANG_WARN_DOCUMENTATION_COMMENTS = YES;
				CLANG_WARN_EMPTY_BODY = YES;
				CLANG_WARN_ENUM_CONVERSION = YES;
				CLANG_WARN_INFINITE_RECURSION = YES;
				CLANG_WARN_INT_CONVERSION = YES;
				CLANG_WARN_NON_LITERAL_NULL_CONVERSION = YES;
				CLANG_WARN_OBJC_IMPLICIT_RETAIN_SELF = YES;
				CLANG_WARN_OBJC_LITERAL_CONVERSION = YES;
				CLANG_WARN_OBJC_ROOT_CLASS = YES_ERROR;
				CLANG_WARN_QUOTED_INCLUDE_IN_FRAMEWORK_HEADER = YES;
				CLANG_WARN_RANGE_LOOP_ANALYSIS = YES;
				CLANG_WARN_STRICT_PROTOTYPES = YES;
				CLANG_WARN_SUSPICIOUS_MOVE = YES;
				CLANG_WARN_UNGUARDED_AVAILABILITY = YES_AGGRESSIVE;
				CLANG_WARN_UNREACHABLE_CODE = YES;
				CLANG_WARN__DUPLICATE_METHOD_MATCH = YES;
				COPY_PHASE_STRIP = NO;
				DEBUG_INFORMATION_FORMAT = "dwarf-with-dsym";
				ENABLE_NS_ASSERTIONS = NO;
				ENABLE_STRICT_OBJC_MSGSEND = YES;
				ENABLE_USER_SCRIPT_SANDBOXING = YES;
				GCC_C_LANGUAGE_STANDARD = gnu17;
				GCC_NO_COMMON_BLOCKS = YES;
				GCC_WARN_64_TO_32_BIT_CONVERSION = YES;
				GCC_WARN_ABOUT_RETURN_TYPE = YES_ERROR;
				GCC_WARN_UNDECLARED_SELECTOR = YES;
				GCC_WARN_UNINITIALIZED_AUTOS = YES_AGGRESSIVE;
				GCC_WARN_UNUSED_FUNCTION = YES;
				GCC_WARN_UNUSED_VARIABLE = YES;
				IPHONEOS_DEPLOYMENT_TARGET = 17.2;
				LOCALIZATION_PREFERS_STRING_CATALOGS = YES;
				MTL_ENABLE_DEBUG_INFO = NO;
				MTL_FAST_MATH = YES;
				SDKROOT = iphoneos;
				SWIFT_COMPILATION_MODE = wholemodule;
				VALIDATE_PRODUCT = YES;
			};
			name = Release;
		};
		B99D009C2B9B6AF6000AB315 /* Debug */ = {
			isa = XCBuildConfiguration;
			buildSettings = {
				ASSETCATALOG_COMPILER_APPICON_NAME = AppIcon;
				ASSETCATALOG_COMPILER_GLOBAL_ACCENT_COLOR_NAME = AccentColor;
				CODE_SIGN_STYLE = Automatic;
				CURRENT_PROJECT_VERSION = 1;
				GENERATE_INFOPLIST_FILE = YES;
				INFOPLIST_FILE = integradora1.0/Info.plist;
				INFOPLIST_KEY_UIApplicationSupportsIndirectInputEvents = YES;
				INFOPLIST_KEY_UILaunchStoryboardName = LaunchScreen;
				INFOPLIST_KEY_UIMainStoryboardFile = Main;
				INFOPLIST_KEY_UISupportedInterfaceOrientations_iPad = "UIInterfaceOrientationPortrait UIInterfaceOrientationPortraitUpsideDown UIInterfaceOrientationLandscapeLeft UIInterfaceOrientationLandscapeRight";
				INFOPLIST_KEY_UISupportedInterfaceOrientations_iPhone = "UIInterfaceOrientationPortrait UIInterfaceOrientationLandscapeLeft UIInterfaceOrientationLandscapeRight";
				IPHONEOS_DEPLOYMENT_TARGET = 14.0;
				LD_RUNPATH_SEARCH_PATHS = (
					"$(inherited)",
					"@executable_path/Frameworks",
				);
				MARKETING_VERSION = 1.0;
				PRODUCT_BUNDLE_IDENTIFIER = "JorgeFullScout.integradora1-0";
				PRODUCT_NAME = "$(TARGET_NAME)";
				SUPPORTED_PLATFORMS = "iphoneos iphonesimulator";
				SUPPORTS_MACCATALYST = NO;
				SUPPORTS_MAC_DESIGNED_FOR_IPHONE_IPAD = NO;
				SWIFT_EMIT_LOC_STRINGS = YES;
				SWIFT_VERSION = 5.0;
				TARGETED_DEVICE_FAMILY = 1;
			};
			name = Debug;
		};
		B99D009D2B9B6AF6000AB315 /* Release */ = {
			isa = XCBuildConfiguration;
			buildSettings = {
				ASSETCATALOG_COMPILER_APPICON_NAME = AppIcon;
				ASSETCATALOG_COMPILER_GLOBAL_ACCENT_COLOR_NAME = AccentColor;
				CODE_SIGN_STYLE = Automatic;
				CURRENT_PROJECT_VERSION = 1;
				GENERATE_INFOPLIST_FILE = YES;
				INFOPLIST_FILE = integradora1.0/Info.plist;
				INFOPLIST_KEY_UIApplicationSupportsIndirectInputEvents = YES;
				INFOPLIST_KEY_UILaunchStoryboardName = LaunchScreen;
				INFOPLIST_KEY_UIMainStoryboardFile = Main;
				INFOPLIST_KEY_UISupportedInterfaceOrientations_iPad = "UIInterfaceOrientationPortrait UIInterfaceOrientationPortraitUpsideDown UIInterfaceOrientationLandscapeLeft UIInterfaceOrientationLandscapeRight";
				INFOPLIST_KEY_UISupportedInterfaceOrientations_iPhone = "UIInterfaceOrientationPortrait UIInterfaceOrientationLandscapeLeft UIInterfaceOrientationLandscapeRight";
				IPHONEOS_DEPLOYMENT_TARGET = 14.0;
				LD_RUNPATH_SEARCH_PATHS = (
					"$(inherited)",
					"@executable_path/Frameworks",
				);
				MARKETING_VERSION = 1.0;
				PRODUCT_BUNDLE_IDENTIFIER = "JorgeFullScout.integradora1-0";
				PRODUCT_NAME = "$(TARGET_NAME)";
				SUPPORTED_PLATFORMS = "iphoneos iphonesimulator";
				SUPPORTS_MACCATALYST = NO;
				SUPPORTS_MAC_DESIGNED_FOR_IPHONE_IPAD = NO;
				SWIFT_EMIT_LOC_STRINGS = YES;
				SWIFT_VERSION = 5.0;
				TARGETED_DEVICE_FAMILY = 1;
			};
			name = Release;
		};
/* End XCBuildConfiguration section */

/* Begin XCConfigurationList section */
		B99D00822B9B6AF5000AB315 /* Build configuration list for PBXProject "integradora1.0" */ = {
			isa = XCConfigurationList;
			buildConfigurations = (
				B99D00992B9B6AF6000AB315 /* Debug */,
				B99D009A2B9B6AF6000AB315 /* Release */,
			);
			defaultConfigurationIsVisible = 0;
			defaultConfigurationName = Release;
		};
		B99D009B2B9B6AF6000AB315 /* Build configuration list for PBXNativeTarget "integradora1.0" */ = {
			isa = XCConfigurationList;
			buildConfigurations = (
				B99D009C2B9B6AF6000AB315 /* Debug */,
				B99D009D2B9B6AF6000AB315 /* Release */,
			);
			defaultConfigurationIsVisible = 0;
			defaultConfigurationName = Release;
		};
/* End XCConfigurationList section */
	};
	rootObject = B99D007F2B9B6AF5000AB315 /* Project object */;
}
